
Microsoft Visual Studio Solution File, Format Version 12.00
# Visual Studio Version 16
VisualStudioVersion = 16.0.29806.167
MinimumVisualStudioVersion = 10.0.40219.1
Project("{FAE04EC0-301F-11D3-BF4B-00C04F79EFBC}") = "AsteroidGame", "AsteroidGame\AsteroidGame.csproj", "{CF32D12C-EB27-4827-9EC7-D8E6874596E8}"
EndProject
Project("{2150E333-8FDC-42A3-9474-1A3956D46DE8}") = "Tests", "Tests", "{8413083C-252D-4854-866F-EAD34CF742FF}"
EndProject
Project("{FAE04EC0-301F-11D3-BF4B-00C04F79EFBC}") = "TestConsole", "Tests\TestConsole\TestConsole.csproj", "{EB39D9B6-CBBC-4908-8C66-574291735B72}"
EndProject
Global
	GlobalSection(SolutionConfigurationPlatforms) = preSolution
		Debug|Any CPU = Debug|Any CPU
		Release|Any CPU = Release|Any CPU
	EndGlobalSection
	GlobalSection(ProjectConfigurationPlatforms) = postSolution
		{CF32D12C-EB27-4827-9EC7-D8E6874596E8}.Debug|Any CPU.ActiveCfg = Debug|Any CPU
		{CF32D12C-EB27-4827-9EC7-D8E6874596E8}.Debug|Any CPU.Build.0 = Debug|Any CPU
		{CF32D12C-EB27-4827-9EC7-D8E6874596E8}.Release|Any CPU.ActiveCfg = Release|Any CPU
		{CF32D12C-EB27-4827-9EC7-D8E6874596E8}.Release|Any CPU.Build.0 = Release|Any CPU
		{EB39D9B6-CBBC-4908-8C66-574291735B72}.Debug|Any CPU.ActiveCfg = Debug|Any CPU
		{EB39D9B6-CBBC-4908-8C66-574291735B72}.Debug|Any CPU.Build.0 = Debug|Any CPU
		{EB39D9B6-CBBC-4908-8C66-574291735B72}.Release|Any CPU.ActiveCfg = Release|Any CPU
		{EB39D9B6-CBBC-4908-8C66-574291735B72}.Release|Any CPU.Build.0 = Release|Any CPU
	EndGlobalSection
	GlobalSection(SolutionProperties) = preSolution
		HideSolutionNode = FALSE
	EndGlobalSection
	GlobalSection(NestedProjects) = preSolution
		{EB39D9B6-CBBC-4908-8C66-574291735B72} = {8413083C-252D-4854-866F-EAD34CF742FF}
	EndGlobalSection
	GlobalSection(ExtensibilityGlobals) = postSolution
		SolutionGuid = {6043DD78-6ED9-462E-A0B8-FA8E9F669E20}
	EndGlobalSection
EndGlobal
